
Microsoft Visual Studio Solution File, Format Version 12.00
# Visual Studio Version 17
VisualStudioVersion = 17.8.34330.188
MinimumVisualStudioVersion = 10.0.40219.1
Project("{9A19103F-16F7-4668-BE54-9A1E7A4F7556}") = "TallyWinForms", "Tally\TallyWinForms.csproj", "{4C30A104-BDB0-41FB-AB23-CF8E968A4C88}"
EndProject
Project("{9A19103F-16F7-4668-BE54-9A1E7A4F7556}") = "TallyLibrary", "TallyLibrary\TallyLibrary.csproj", "{E3425719-7391-4DD8-8D77-33B59506E580}"
EndProject
Project("{FAE04EC0-301F-11D3-BF4B-00C04F79EFBC}") = "TallyWPF", "TallyWPF\TallyWPF.csproj", "{AD64B9CC-BF9E-4E00-8A9E-12551D486B84}"
EndProject
Global
	GlobalSection(SolutionConfigurationPlatforms) = preSolution
		Debug|Any CPU = Debug|Any CPU
		Release|Any CPU = Release|Any CPU
	EndGlobalSection
	GlobalSection(ProjectConfigurationPlatforms) = postSolution
		{4C30A104-BDB0-41FB-AB23-CF8E968A4C88}.Debug|Any CPU.ActiveCfg = Debug|Any CPU
		{4C30A104-BDB0-41FB-AB23-CF8E968A4C88}.Debug|Any CPU.Build.0 = Debug|Any CPU
		{4C30A104-BDB0-41FB-AB23-CF8E968A4C88}.Release|Any CPU.ActiveCfg = Release|Any CPU
		{4C30A104-BDB0-41FB-AB23-CF8E968A4C88}.Release|Any CPU.Build.0 = Release|Any CPU
		{E3425719-7391-4DD8-8D77-33B59506E580}.Debug|Any CPU.ActiveCfg = Debug|Any CPU
		{E3425719-7391-4DD8-8D77-33B59506E580}.Debug|Any CPU.Build.0 = Debug|Any CPU
		{E3425719-7391-4DD8-8D77-33B59506E580}.Release|Any CPU.ActiveCfg = Release|Any CPU
		{E3425719-7391-4DD8-8D77-33B59506E580}.Release|Any CPU.Build.0 = Release|Any CPU
		{AD64B9CC-BF9E-4E00-8A9E-12551D486B84}.Debug|Any CPU.ActiveCfg = Debug|Any CPU
		{AD64B9CC-BF9E-4E00-8A9E-12551D486B84}.Debug|Any CPU.Build.0 = Debug|Any CPU
		{AD64B9CC-BF9E-4E00-8A9E-12551D486B84}.Release|Any CPU.ActiveCfg = Release|Any CPU
		{AD64B9CC-BF9E-4E00-8A9E-12551D486B84}.Release|Any CPU.Build.0 = Release|Any CPU
	EndGlobalSection
	GlobalSection(SolutionProperties) = preSolution
		HideSolutionNode = FALSE
	EndGlobalSection
	GlobalSection(ExtensibilityGlobals) = postSolution
		SolutionGuid = {36780624-438D-48D2-B961-17FD6F3EADBF}
	EndGlobalSection
EndGlobal
